{
  "name": "bspoek",
  "requires": true,
  "lockfileVersion": 1,
  "dependencies": {
    "prisma2": {
      "version": "0.0.114",
      "resolved": "https://registry.npmjs.org/prisma2/-/prisma2-0.0.114.tgz",
      "integrity": "sha512-gKUuFJdO0Urxpru6ily/mEwJhHtlm/7U5zb7uNPJXL3xGTPg8ZTutivV3xsQKwLUyrrRX3FGjwzkd7ee761PCg=="
    }
  }
}
